
Microsoft Visual Studio Solution File, Format Version 12.00
# Visual Studio Version 17
VisualStudioVersion = 17.5.002.0
MinimumVisualStudioVersion = 10.0.40219.1
Project("{9A19103F-16F7-4668-BE54-9A1E7A4F7556}") = "Balance", "api\Balance.csproj", "{36F6D3C1-B3BA-443C-9052-8B56B0FAAE01}"
EndProject
Project("{9A19103F-16F7-4668-BE54-9A1E7A4F7556}") = "website", "web\website.csproj", "{DE17F36A-060A-443B-BD71-41B9ABF5705D}"
EndProject
Global
	GlobalSection(SolutionConfigurationPlatforms) = preSolution
		Debug|Any CPU = Debug|Any CPU
		Release|Any CPU = Release|Any CPU
	EndGlobalSection
	GlobalSection(ProjectConfigurationPlatforms) = postSolution
		{36F6D3C1-B3BA-443C-9052-8B56B0FAAE01}.Debug|Any CPU.ActiveCfg = Debug|Any CPU
		{36F6D3C1-B3BA-443C-9052-8B56B0FAAE01}.Debug|Any CPU.Build.0 = Debug|Any CPU
		{36F6D3C1-B3BA-443C-9052-8B56B0FAAE01}.Release|Any CPU.ActiveCfg = Release|Any CPU
		{36F6D3C1-B3BA-443C-9052-8B56B0FAAE01}.Release|Any CPU.Build.0 = Release|Any CPU
		{DE17F36A-060A-443B-BD71-41B9ABF5705D}.Debug|Any CPU.ActiveCfg = Debug|Any CPU
		{DE17F36A-060A-443B-BD71-41B9ABF5705D}.Debug|Any CPU.Build.0 = Debug|Any CPU
		{DE17F36A-060A-443B-BD71-41B9ABF5705D}.Release|Any CPU.ActiveCfg = Release|Any CPU
		{DE17F36A-060A-443B-BD71-41B9ABF5705D}.Release|Any CPU.Build.0 = Release|Any CPU
	EndGlobalSection
	GlobalSection(SolutionProperties) = preSolution
		HideSolutionNode = FALSE
	EndGlobalSection
	GlobalSection(ExtensibilityGlobals) = postSolution
		SolutionGuid = {88513132-6DB7-4BEE-8C35-9953E032BFAC}
	EndGlobalSection
EndGlobal
